
Microsoft Visual Studio Solution File, Format Version 12.00
# Visual Studio 15
Project("{FAE04EC0-301F-11D3-BF4B-00C04F79EFBC}") = "UnityEngine.TestRunner", "UnityEngine.TestRunner.csproj", "{6456427F-588E-2F39-91EE-ED2DAAA01748}"
EndProject
Project("{FAE04EC0-301F-11D3-BF4B-00C04F79EFBC}") = "Unity.Mathematics", "Unity.Mathematics.csproj", "{45DB50A0-C5E3-7D98-9059-5EF5F094C2AD}"
EndProject
Project("{FAE04EC0-301F-11D3-BF4B-00C04F79EFBC}") = "Unity.2D.Animation.Triangle.Runtime", "Unity.2D.Animation.Triangle.Runtime.csproj", "{CF1A8F56-6051-B630-136C-821E85ED0685}"
EndProject
Project("{FAE04EC0-301F-11D3-BF4B-00C04F79EFBC}") = "Unity.Timeline", "Unity.Timeline.csproj", "{A468FB6D-924E-CF1F-B588-042BCC566BE9}"
EndProject
Project("{FAE04EC0-301F-11D3-BF4B-00C04F79EFBC}") = "UnityEngine.UI", "UnityEngine.UI.csproj", "{2F4591B0-9BD9-B933-A539-41C5295FACDC}"
EndProject
Project("{FAE04EC0-301F-11D3-BF4B-00C04F79EFBC}") = "Unity.TextMeshPro", "Unity.TextMeshPro.csproj", "{A0C7A99B-AC70-4996-6617-D522E8DA2454}"
EndProject
Project("{FAE04EC0-301F-11D3-BF4B-00C04F79EFBC}") = "Unity.2D.Animation.Runtime", "Unity.2D.Animation.Runtime.csproj", "{10BC5BE8-B5F8-8822-0C6B-D3409475B73E}"
EndProject
Project("{FAE04EC0-301F-11D3-BF4B-00C04F79EFBC}") = "Assembly-CSharp", "Assembly-CSharp.csproj", "{15AC2DAD-86B5-0B68-2199-DF16D42C24CA}"
EndProject
Project("{FAE04EC0-301F-11D3-BF4B-00C04F79EFBC}") = "Unity.2D.IK.Runtime", "Unity.2D.IK.Runtime.csproj", "{8A0C7B8B-E644-EC4C-9D27-D14452710936}"
EndProject
Project("{FAE04EC0-301F-11D3-BF4B-00C04F79EFBC}") = "Unity.2D.SpriteShape.Runtime", "Unity.2D.SpriteShape.Runtime.csproj", "{9FBF5E2A-9841-31F2-DAC9-4D0EFDCFD44D}"
EndProject
Project("{FAE04EC0-301F-11D3-BF4B-00C04F79EFBC}") = "Unity.2D.PixelPerfect", "Unity.2D.PixelPerfect.csproj", "{0B887627-7383-8E38-1784-BEDA29E1D9EF}"
EndProject
Project("{FAE04EC0-301F-11D3-BF4B-00C04F79EFBC}") = "Unity.2D.Common.Runtime", "Unity.2D.Common.Runtime.csproj", "{35DFD8DD-C69C-3428-53FF-906CDFF9274E}"
EndProject
Project("{FAE04EC0-301F-11D3-BF4B-00C04F79EFBC}") = "Unity.InternalAPIEngineBridge.001", "Unity.InternalAPIEngineBridge.001.csproj", "{799E3A85-D00C-9C86-4F21-F3D9C830345E}"
EndProject
Project("{FAE04EC0-301F-11D3-BF4B-00C04F79EFBC}") = "UnityEditor.TestRunner", "UnityEditor.TestRunner.csproj", "{8ACBC22A-1A80-6E9A-2747-FCC180C4FA4F}"
EndProject
Project("{FAE04EC0-301F-11D3-BF4B-00C04F79EFBC}") = "Unity.PlasticSCM.Editor", "Unity.PlasticSCM.Editor.csproj", "{E7993990-1598-DFC1-7172-A0928EBF0199}"
EndProject
Project("{FAE04EC0-301F-11D3-BF4B-00C04F79EFBC}") = "UnityEditor.UI", "UnityEditor.UI.csproj", "{35443495-5515-4C10-2B57-1D2E7D203057}"
EndProject
Project("{FAE04EC0-301F-11D3-BF4B-00C04F79EFBC}") = "Unity.Timeline.Editor", "Unity.Timeline.Editor.csproj", "{72548878-9FC2-6CA5-37F3-99924E217526}"
EndProject
Project("{FAE04EC0-301F-11D3-BF4B-00C04F79EFBC}") = "Unity.VisualStudio.Editor", "Unity.VisualStudio.Editor.csproj", "{FF70087E-F63D-DCC4-B9E9-E1C153A24F87}"
EndProject
Project("{FAE04EC0-301F-11D3-BF4B-00C04F79EFBC}") = "Unity.2D.Psdimporter.Editor", "Unity.2D.Psdimporter.Editor.csproj", "{2F40494D-82C8-1ECB-AA6C-2C2D1DC73FE4}"
EndProject
Project("{FAE04EC0-301F-11D3-BF4B-00C04F79EFBC}") = "Unity.2D.Animation.Editor", "Unity.2D.Animation.Editor.csproj", "{E04FCF2F-25FE-5113-96C2-A583E5AC422C}"
EndProject
Project("{FAE04EC0-301F-11D3-BF4B-00C04F79EFBC}") = "Unity.TextMeshPro.Editor", "Unity.TextMeshPro.Editor.csproj", "{3A69A154-6EEE-BCA3-B6E1-3D93391B7DCE}"
EndProject
Project("{FAE04EC0-301F-11D3-BF4B-00C04F79EFBC}") = "Unity.2D.SpriteShape.Editor", "Unity.2D.SpriteShape.Editor.csproj", "{C771BA69-779D-7014-C0A5-D4DDF2D3213B}"
EndProject
Project("{FAE04EC0-301F-11D3-BF4B-00C04F79EFBC}") = "Unity.CollabProxy.Editor", "Unity.CollabProxy.Editor.csproj", "{81587B64-10AB-B0EF-A76B-2CDB825E095C}"
EndProject
Project("{FAE04EC0-301F-11D3-BF4B-00C04F79EFBC}") = "PsdPlugin", "PsdPlugin.csproj", "{23CBB1EE-F306-86DD-67D1-4929F3B0A1C9}"
EndProject
Project("{FAE04EC0-301F-11D3-BF4B-00C04F79EFBC}") = "Unity.2D.Path.Editor", "Unity.2D.Path.Editor.csproj", "{00AC49F6-DA87-09DA-732B-1B7F92AC7ADC}"
EndProject
Project("{FAE04EC0-301F-11D3-BF4B-00C04F79EFBC}") = "Unity.Rider.Editor", "Unity.Rider.Editor.csproj", "{26BDAED9-A9C8-30D1-C7A2-5D3AB1E33C3A}"
EndProject
Project("{FAE04EC0-301F-11D3-BF4B-00C04F79EFBC}") = "Unity.2D.IK.Editor", "Unity.2D.IK.Editor.csproj", "{BD60F36D-452F-73B0-2897-A39B3E3C3B67}"
EndProject
Project("{FAE04EC0-301F-11D3-BF4B-00C04F79EFBC}") = "Unity.2D.Sprite.Editor", "Unity.2D.Sprite.Editor.csproj", "{D5564B91-EF00-FFE4-D9B0-FF9290C962A6}"
EndProject
Project("{FAE04EC0-301F-11D3-BF4B-00C04F79EFBC}") = "Unity.2D.Tilemap.Editor", "Unity.2D.Tilemap.Editor.csproj", "{7E592AC5-7B5C-1752-1E31-97E686EA0D91}"
EndProject
Project("{FAE04EC0-301F-11D3-BF4B-00C04F79EFBC}") = "Unity.2D.PixelPerfect.Editor", "Unity.2D.PixelPerfect.Editor.csproj", "{13F34838-C1D0-63C0-A838-38507DA8BF12}"
EndProject
Project("{FAE04EC0-301F-11D3-BF4B-00C04F79EFBC}") = "Unity.VSCode.Editor", "Unity.VSCode.Editor.csproj", "{51902AFA-4837-10DC-5F4D-7B06D7035DCF}"
EndProject
Project("{FAE04EC0-301F-11D3-BF4B-00C04F79EFBC}") = "Unity.2D.Common.Editor", "Unity.2D.Common.Editor.csproj", "{44B29C8C-32ED-D1C1-3668-5B21DB2ED979}"
EndProject
Project("{FAE04EC0-301F-11D3-BF4B-00C04F79EFBC}") = "Unity.Mathematics.Editor", "Unity.Mathematics.Editor.csproj", "{2EE0E4FE-34B4-5451-EA33-2D73974FD327}"
EndProject
Project("{FAE04EC0-301F-11D3-BF4B-00C04F79EFBC}") = "Unity.InternalAPIEditorBridge.001", "Unity.InternalAPIEditorBridge.001.csproj", "{F796D960-2FEB-413A-E451-5354E342DE85}"
EndProject
Project("{FAE04EC0-301F-11D3-BF4B-00C04F79EFBC}") = "UnityEngine.TestRunner", "UnityEngine.TestRunner.Player.csproj", "{2A8765D0-9A64-7960-EEBC-CDB4AA81223F}"
EndProject
Project("{FAE04EC0-301F-11D3-BF4B-00C04F79EFBC}") = "Unity.Mathematics", "Unity.Mathematics.Player.csproj", "{6CCD9BBC-4B32-2C05-4C15-45D6B8D66E7A}"
EndProject
Project("{FAE04EC0-301F-11D3-BF4B-00C04F79EFBC}") = "Unity.2D.Animation.Triangle.Runtime", "Unity.2D.Animation.Triangle.Runtime.Player.csproj", "{6375CB80-1DD5-1970-3F41-B4B5D6FE604B}"
EndProject
Project("{FAE04EC0-301F-11D3-BF4B-00C04F79EFBC}") = "Unity.Timeline", "Unity.Timeline.Player.csproj", "{AE8636BD-02DA-35B9-4345-2D271C7FD748}"
EndProject
Project("{FAE04EC0-301F-11D3-BF4B-00C04F79EFBC}") = "UnityEngine.UI", "UnityEngine.UI.Player.csproj", "{D81D0D94-6911-5DDF-9A0C-C78ED1C83DBD}"
EndProject
Project("{FAE04EC0-301F-11D3-BF4B-00C04F79EFBC}") = "Unity.TextMeshPro", "Unity.TextMeshPro.Player.csproj", "{4197EE03-E339-A1CD-BC37-051542124C95}"
EndProject
Project("{FAE04EC0-301F-11D3-BF4B-00C04F79EFBC}") = "Unity.2D.Animation.Runtime", "Unity.2D.Animation.Runtime.Player.csproj", "{CE2BAB33-583D-A137-AA5B-199653E398C2}"
EndProject
Project("{FAE04EC0-301F-11D3-BF4B-00C04F79EFBC}") = "Assembly-CSharp", "Assembly-CSharp.Player.csproj", "{88F40759-D857-0BE7-5B58-CFBF34E5621E}"
EndProject
Project("{FAE04EC0-301F-11D3-BF4B-00C04F79EFBC}") = "Unity.2D.IK.Runtime", "Unity.2D.IK.Runtime.Player.csproj", "{F46FD7DA-7190-D997-E911-DD3D1BD1621C}"
EndProject
Project("{FAE04EC0-301F-11D3-BF4B-00C04F79EFBC}") = "Unity.2D.SpriteShape.Runtime", "Unity.2D.SpriteShape.Runtime.Player.csproj", "{9F8BF1A5-1AFD-CB65-67C6-2815B7116BA0}"
EndProject
Project("{FAE04EC0-301F-11D3-BF4B-00C04F79EFBC}") = "Unity.2D.PixelPerfect", "Unity.2D.PixelPerfect.Player.csproj", "{DE7E0DD9-32EF-672B-82D8-5E97809B40E9}"
EndProject
Project("{FAE04EC0-301F-11D3-BF4B-00C04F79EFBC}") = "Unity.2D.Common.Runtime", "Unity.2D.Common.Runtime.Player.csproj", "{9B6BDE03-2CCB-F495-3622-A9FB90671049}"
EndProject
Project("{FAE04EC0-301F-11D3-BF4B-00C04F79EFBC}") = "Unity.InternalAPIEngineBridge.001", "Unity.InternalAPIEngineBridge.001.Player.csproj", "{9AA3ABDC-9F0F-BE1A-C9C9-B5A2BC089243}"
EndProject
Global
	GlobalSection(SolutionConfigurationPlatforms) = preSolution
		Debug|Any CPU = Debug|Any CPU
		Release|Any CPU = Release|Any CPU
	EndGlobalSection
	GlobalSection(ProjectConfigurationPlatforms) = postSolution
		{6456427F-588E-2F39-91EE-ED2DAAA01748}.Debug|Any CPU.ActiveCfg = Debug|Any CPU
		{6456427F-588E-2F39-91EE-ED2DAAA01748}.Debug|Any CPU.Build.0 = Debug|Any CPU
		{6456427F-588E-2F39-91EE-ED2DAAA01748}.Release|Any CPU.ActiveCfg = Release|Any CPU
		{6456427F-588E-2F39-91EE-ED2DAAA01748}.Release|Any CPU.Build.0 = Release|Any CPU
		{45DB50A0-C5E3-7D98-9059-5EF5F094C2AD}.Debug|Any CPU.ActiveCfg = Debug|Any CPU
		{45DB50A0-C5E3-7D98-9059-5EF5F094C2AD}.Debug|Any CPU.Build.0 = Debug|Any CPU
		{45DB50A0-C5E3-7D98-9059-5EF5F094C2AD}.Release|Any CPU.ActiveCfg = Release|Any CPU
		{45DB50A0-C5E3-7D98-9059-5EF5F094C2AD}.Release|Any CPU.Build.0 = Release|Any CPU
		{CF1A8F56-6051-B630-136C-821E85ED0685}.Debug|Any CPU.ActiveCfg = Debug|Any CPU
		{CF1A8F56-6051-B630-136C-821E85ED0685}.Debug|Any CPU.Build.0 = Debug|Any CPU
		{CF1A8F56-6051-B630-136C-821E85ED0685}.Release|Any CPU.ActiveCfg = Release|Any CPU
		{CF1A8F56-6051-B630-136C-821E85ED0685}.Release|Any CPU.Build.0 = Release|Any CPU
		{A468FB6D-924E-CF1F-B588-042BCC566BE9}.Debug|Any CPU.ActiveCfg = Debug|Any CPU
		{A468FB6D-924E-CF1F-B588-042BCC566BE9}.Debug|Any CPU.Build.0 = Debug|Any CPU
		{A468FB6D-924E-CF1F-B588-042BCC566BE9}.Release|Any CPU.ActiveCfg = Release|Any CPU
		{A468FB6D-924E-CF1F-B588-042BCC566BE9}.Release|Any CPU.Build.0 = Release|Any CPU
		{2F4591B0-9BD9-B933-A539-41C5295FACDC}.Debug|Any CPU.ActiveCfg = Debug|Any CPU
		{2F4591B0-9BD9-B933-A539-41C5295FACDC}.Debug|Any CPU.Build.0 = Debug|Any CPU
		{2F4591B0-9BD9-B933-A539-41C5295FACDC}.Release|Any CPU.ActiveCfg = Release|Any CPU
		{2F4591B0-9BD9-B933-A539-41C5295FACDC}.Release|Any CPU.Build.0 = Release|Any CPU
		{A0C7A99B-AC70-4996-6617-D522E8DA2454}.Debug|Any CPU.ActiveCfg = Debug|Any CPU
		{A0C7A99B-AC70-4996-6617-D522E8DA2454}.Debug|Any CPU.Build.0 = Debug|Any CPU
		{A0C7A99B-AC70-4996-6617-D522E8DA2454}.Release|Any CPU.ActiveCfg = Release|Any CPU
		{A0C7A99B-AC70-4996-6617-D522E8DA2454}.Release|Any CPU.Build.0 = Release|Any CPU
		{10BC5BE8-B5F8-8822-0C6B-D3409475B73E}.Debug|Any CPU.ActiveCfg = Debug|Any CPU
		{10BC5BE8-B5F8-8822-0C6B-D3409475B73E}.Debug|Any CPU.Build.0 = Debug|Any CPU
		{10BC5BE8-B5F8-8822-0C6B-D3409475B73E}.Release|Any CPU.ActiveCfg = Release|Any CPU
		{10BC5BE8-B5F8-8822-0C6B-D3409475B73E}.Release|Any CPU.Build.0 = Release|Any CPU
		{15AC2DAD-86B5-0B68-2199-DF16D42C24CA}.Debug|Any CPU.ActiveCfg = Debug|Any CPU
		{15AC2DAD-86B5-0B68-2199-DF16D42C24CA}.Debug|Any CPU.Build.0 = Debug|Any CPU
		{15AC2DAD-86B5-0B68-2199-DF16D42C24CA}.Release|Any CPU.ActiveCfg = Release|Any CPU
		{15AC2DAD-86B5-0B68-2199-DF16D42C24CA}.Release|Any CPU.Build.0 = Release|Any CPU
		{8A0C7B8B-E644-EC4C-9D27-D14452710936}.Debug|Any CPU.ActiveCfg = Debug|Any CPU
		{8A0C7B8B-E644-EC4C-9D27-D14452710936}.Debug|Any CPU.Build.0 = Debug|Any CPU
		{8A0C7B8B-E644-EC4C-9D27-D14452710936}.Release|Any CPU.ActiveCfg = Release|Any CPU
		{8A0C7B8B-E644-EC4C-9D27-D14452710936}.Release|Any CPU.Build.0 = Release|Any CPU
		{9FBF5E2A-9841-31F2-DAC9-4D0EFDCFD44D}.Debug|Any CPU.ActiveCfg = Debug|Any CPU
		{9FBF5E2A-9841-31F2-DAC9-4D0EFDCFD44D}.Debug|Any CPU.Build.0 = Debug|Any CPU
		{9FBF5E2A-9841-31F2-DAC9-4D0EFDCFD44D}.Release|Any CPU.ActiveCfg = Release|Any CPU
		{9FBF5E2A-9841-31F2-DAC9-4D0EFDCFD44D}.Release|Any CPU.Build.0 = Release|Any CPU
		{0B887627-7383-8E38-1784-BEDA29E1D9EF}.Debug|Any CPU.ActiveCfg = Debug|Any CPU
		{0B887627-7383-8E38-1784-BEDA29E1D9EF}.Debug|Any CPU.Build.0 = Debug|Any CPU
		{0B887627-7383-8E38-1784-BEDA29E1D9EF}.Release|Any CPU.ActiveCfg = Release|Any CPU
		{0B887627-7383-8E38-1784-BEDA29E1D9EF}.Release|Any CPU.Build.0 = Release|Any CPU
		{35DFD8DD-C69C-3428-53FF-906CDFF9274E}.Debug|Any CPU.ActiveCfg = Debug|Any CPU
		{35DFD8DD-C69C-3428-53FF-906CDFF9274E}.Debug|Any CPU.Build.0 = Debug|Any CPU
		{35DFD8DD-C69C-3428-53FF-906CDFF9274E}.Release|Any CPU.ActiveCfg = Release|Any CPU
		{35DFD8DD-C69C-3428-53FF-906CDFF9274E}.Release|Any CPU.Build.0 = Release|Any CPU
		{799E3A85-D00C-9C86-4F21-F3D9C830345E}.Debug|Any CPU.ActiveCfg = Debug|Any CPU
		{799E3A85-D00C-9C86-4F21-F3D9C830345E}.Debug|Any CPU.Build.0 = Debug|Any CPU
		{799E3A85-D00C-9C86-4F21-F3D9C830345E}.Release|Any CPU.ActiveCfg = Release|Any CPU
		{799E3A85-D00C-9C86-4F21-F3D9C830345E}.Release|Any CPU.Build.0 = Release|Any CPU
		{8ACBC22A-1A80-6E9A-2747-FCC180C4FA4F}.Debug|Any CPU.ActiveCfg = Debug|Any CPU
		{8ACBC22A-1A80-6E9A-2747-FCC180C4FA4F}.Debug|Any CPU.Build.0 = Debug|Any CPU
		{8ACBC22A-1A80-6E9A-2747-FCC180C4FA4F}.Release|Any CPU.ActiveCfg = Release|Any CPU
		{8ACBC22A-1A80-6E9A-2747-FCC180C4FA4F}.Release|Any CPU.Build.0 = Release|Any CPU
		{E7993990-1598-DFC1-7172-A0928EBF0199}.Debug|Any CPU.ActiveCfg = Debug|Any CPU
		{E7993990-1598-DFC1-7172-A0928EBF0199}.Debug|Any CPU.Build.0 = Debug|Any CPU
		{E7993990-1598-DFC1-7172-A0928EBF0199}.Release|Any CPU.ActiveCfg = Release|Any CPU
		{E7993990-1598-DFC1-7172-A0928EBF0199}.Release|Any CPU.Build.0 = Release|Any CPU
		{35443495-5515-4C10-2B57-1D2E7D203057}.Debug|Any CPU.ActiveCfg = Debug|Any CPU
		{35443495-5515-4C10-2B57-1D2E7D203057}.Debug|Any CPU.Build.0 = Debug|Any CPU
		{35443495-5515-4C10-2B57-1D2E7D203057}.Release|Any CPU.ActiveCfg = Release|Any CPU
		{35443495-5515-4C10-2B57-1D2E7D203057}.Release|Any CPU.Build.0 = Release|Any CPU
		{72548878-9FC2-6CA5-37F3-99924E217526}.Debug|Any CPU.ActiveCfg = Debug|Any CPU
		{72548878-9FC2-6CA5-37F3-99924E217526}.Debug|Any CPU.Build.0 = Debug|Any CPU
		{72548878-9FC2-6CA5-37F3-99924E217526}.Release|Any CPU.ActiveCfg = Release|Any CPU
		{72548878-9FC2-6CA5-37F3-99924E217526}.Release|Any CPU.Build.0 = Release|Any CPU
		{FF70087E-F63D-DCC4-B9E9-E1C153A24F87}.Debug|Any CPU.ActiveCfg = Debug|Any CPU
		{FF70087E-F63D-DCC4-B9E9-E1C153A24F87}.Debug|Any CPU.Build.0 = Debug|Any CPU
		{FF70087E-F63D-DCC4-B9E9-E1C153A24F87}.Release|Any CPU.ActiveCfg = Release|Any CPU
		{FF70087E-F63D-DCC4-B9E9-E1C153A24F87}.Release|Any CPU.Build.0 = Release|Any CPU
		{2F40494D-82C8-1ECB-AA6C-2C2D1DC73FE4}.Debug|Any CPU.ActiveCfg = Debug|Any CPU
		{2F40494D-82C8-1ECB-AA6C-2C2D1DC73FE4}.Debug|Any CPU.Build.0 = Debug|Any CPU
		{2F40494D-82C8-1ECB-AA6C-2C2D1DC73FE4}.Release|Any CPU.ActiveCfg = Release|Any CPU
		{2F40494D-82C8-1ECB-AA6C-2C2D1DC73FE4}.Release|Any CPU.Build.0 = Release|Any CPU
		{E04FCF2F-25FE-5113-96C2-A583E5AC422C}.Debug|Any CPU.ActiveCfg = Debug|Any CPU
		{E04FCF2F-25FE-5113-96C2-A583E5AC422C}.Debug|Any CPU.Build.0 = Debug|Any CPU
		{E04FCF2F-25FE-5113-96C2-A583E5AC422C}.Release|Any CPU.ActiveCfg = Release|Any CPU
		{E04FCF2F-25FE-5113-96C2-A583E5AC422C}.Release|Any CPU.Build.0 = Release|Any CPU
		{3A69A154-6EEE-BCA3-B6E1-3D93391B7DCE}.Debug|Any CPU.ActiveCfg = Debug|Any CPU
		{3A69A154-6EEE-BCA3-B6E1-3D93391B7DCE}.Debug|Any CPU.Build.0 = Debug|Any CPU
		{3A69A154-6EEE-BCA3-B6E1-3D93391B7DCE}.Release|Any CPU.ActiveCfg = Release|Any CPU
		{3A69A154-6EEE-BCA3-B6E1-3D93391B7DCE}.Release|Any CPU.Build.0 = Release|Any CPU
		{C771BA69-779D-7014-C0A5-D4DDF2D3213B}.Debug|Any CPU.ActiveCfg = Debug|Any CPU
		{C771BA69-779D-7014-C0A5-D4DDF2D3213B}.Debug|Any CPU.Build.0 = Debug|Any CPU
		{C771BA69-779D-7014-C0A5-D4DDF2D3213B}.Release|Any CPU.ActiveCfg = Release|Any CPU
		{C771BA69-779D-7014-C0A5-D4DDF2D3213B}.Release|Any CPU.Build.0 = Release|Any CPU
		{81587B64-10AB-B0EF-A76B-2CDB825E095C}.Debug|Any CPU.ActiveCfg = Debug|Any CPU
		{81587B64-10AB-B0EF-A76B-2CDB825E095C}.Debug|Any CPU.Build.0 = Debug|Any CPU
		{81587B64-10AB-B0EF-A76B-2CDB825E095C}.Release|Any CPU.ActiveCfg = Release|Any CPU
		{81587B64-10AB-B0EF-A76B-2CDB825E095C}.Release|Any CPU.Build.0 = Release|Any CPU
		{23CBB1EE-F306-86DD-67D1-4929F3B0A1C9}.Debug|Any CPU.ActiveCfg = Debug|Any CPU
		{23CBB1EE-F306-86DD-67D1-4929F3B0A1C9}.Debug|Any CPU.Build.0 = Debug|Any CPU
		{23CBB1EE-F306-86DD-67D1-4929F3B0A1C9}.Release|Any CPU.ActiveCfg = Release|Any CPU
		{23CBB1EE-F306-86DD-67D1-4929F3B0A1C9}.Release|Any CPU.Build.0 = Release|Any CPU
		{00AC49F6-DA87-09DA-732B-1B7F92AC7ADC}.Debug|Any CPU.ActiveCfg = Debug|Any CPU
		{00AC49F6-DA87-09DA-732B-1B7F92AC7ADC}.Debug|Any CPU.Build.0 = Debug|Any CPU
		{00AC49F6-DA87-09DA-732B-1B7F92AC7ADC}.Release|Any CPU.ActiveCfg = Release|Any CPU
		{00AC49F6-DA87-09DA-732B-1B7F92AC7ADC}.Release|Any CPU.Build.0 = Release|Any CPU
		{26BDAED9-A9C8-30D1-C7A2-5D3AB1E33C3A}.Debug|Any CPU.ActiveCfg = Debug|Any CPU
		{26BDAED9-A9C8-30D1-C7A2-5D3AB1E33C3A}.Debug|Any CPU.Build.0 = Debug|Any CPU
		{26BDAED9-A9C8-30D1-C7A2-5D3AB1E33C3A}.Release|Any CPU.ActiveCfg = Release|Any CPU
		{26BDAED9-A9C8-30D1-C7A2-5D3AB1E33C3A}.Release|Any CPU.Build.0 = Release|Any CPU
		{BD60F36D-452F-73B0-2897-A39B3E3C3B67}.Debug|Any CPU.ActiveCfg = Debug|Any CPU
		{BD60F36D-452F-73B0-2897-A39B3E3C3B67}.Debug|Any CPU.Build.0 = Debug|Any CPU
		{BD60F36D-452F-73B0-2897-A39B3E3C3B67}.Release|Any CPU.ActiveCfg = Release|Any CPU
		{BD60F36D-452F-73B0-2897-A39B3E3C3B67}.Release|Any CPU.Build.0 = Release|Any CPU
		{D5564B91-EF00-FFE4-D9B0-FF9290C962A6}.Debug|Any CPU.ActiveCfg = Debug|Any CPU
		{D5564B91-EF00-FFE4-D9B0-FF9290C962A6}.Debug|Any CPU.Build.0 = Debug|Any CPU
		{D5564B91-EF00-FFE4-D9B0-FF9290C962A6}.Release|Any CPU.ActiveCfg = Release|Any CPU
		{D5564B91-EF00-FFE4-D9B0-FF9290C962A6}.Release|Any CPU.Build.0 = Release|Any CPU
		{7E592AC5-7B5C-1752-1E31-97E686EA0D91}.Debug|Any CPU.ActiveCfg = Debug|Any CPU
		{7E592AC5-7B5C-1752-1E31-97E686EA0D91}.Debug|Any CPU.Build.0 = Debug|Any CPU
		{7E592AC5-7B5C-1752-1E31-97E686EA0D91}.Release|Any CPU.ActiveCfg = Release|Any CPU
		{7E592AC5-7B5C-1752-1E31-97E686EA0D91}.Release|Any CPU.Build.0 = Release|Any CPU
		{13F34838-C1D0-63C0-A838-38507DA8BF12}.Debug|Any CPU.ActiveCfg = Debug|Any CPU
		{13F34838-C1D0-63C0-A838-38507DA8BF12}.Debug|Any CPU.Build.0 = Debug|Any CPU
		{13F34838-C1D0-63C0-A838-38507DA8BF12}.Release|Any CPU.ActiveCfg = Release|Any CPU
		{13F34838-C1D0-63C0-A838-38507DA8BF12}.Release|Any CPU.Build.0 = Release|Any CPU
		{51902AFA-4837-10DC-5F4D-7B06D7035DCF}.Debug|Any CPU.ActiveCfg = Debug|Any CPU
		{51902AFA-4837-10DC-5F4D-7B06D7035DCF}.Debug|Any CPU.Build.0 = Debug|Any CPU
		{51902AFA-4837-10DC-5F4D-7B06D7035DCF}.Release|Any CPU.ActiveCfg = Release|Any CPU
		{51902AFA-4837-10DC-5F4D-7B06D7035DCF}.Release|Any CPU.Build.0 = Release|Any CPU
		{44B29C8C-32ED-D1C1-3668-5B21DB2ED979}.Debug|Any CPU.ActiveCfg = Debug|Any CPU
		{44B29C8C-32ED-D1C1-3668-5B21DB2ED979}.Debug|Any CPU.Build.0 = Debug|Any CPU
		{44B29C8C-32ED-D1C1-3668-5B21DB2ED979}.Release|Any CPU.ActiveCfg = Release|Any CPU
		{44B29C8C-32ED-D1C1-3668-5B21DB2ED979}.Release|Any CPU.Build.0 = Release|Any CPU
		{2EE0E4FE-34B4-5451-EA33-2D73974FD327}.Debug|Any CPU.ActiveCfg = Debug|Any CPU
		{2EE0E4FE-34B4-5451-EA33-2D73974FD327}.Debug|Any CPU.Build.0 = Debug|Any CPU
		{2EE0E4FE-34B4-5451-EA33-2D73974FD327}.Release|Any CPU.ActiveCfg = Release|Any CPU
		{2EE0E4FE-34B4-5451-EA33-2D73974FD327}.Release|Any CPU.Build.0 = Release|Any CPU
		{F796D960-2FEB-413A-E451-5354E342DE85}.Debug|Any CPU.ActiveCfg = Debug|Any CPU
		{F796D960-2FEB-413A-E451-5354E342DE85}.Debug|Any CPU.Build.0 = Debug|Any CPU
		{F796D960-2FEB-413A-E451-5354E342DE85}.Release|Any CPU.ActiveCfg = Release|Any CPU
		{F796D960-2FEB-413A-E451-5354E342DE85}.Release|Any CPU.Build.0 = Release|Any CPU
		{2A8765D0-9A64-7960-EEBC-CDB4AA81223F}.Debug|Any CPU.ActiveCfg = Debug|Any CPU
		{2A8765D0-9A64-7960-EEBC-CDB4AA81223F}.Debug|Any CPU.Build.0 = Debug|Any CPU
		{2A8765D0-9A64-7960-EEBC-CDB4AA81223F}.Release|Any CPU.ActiveCfg = Release|Any CPU
		{2A8765D0-9A64-7960-EEBC-CDB4AA81223F}.Release|Any CPU.Build.0 = Release|Any CPU
		{6CCD9BBC-4B32-2C05-4C15-45D6B8D66E7A}.Debug|Any CPU.ActiveCfg = Debug|Any CPU
		{6CCD9BBC-4B32-2C05-4C15-45D6B8D66E7A}.Debug|Any CPU.Build.0 = Debug|Any CPU
		{6CCD9BBC-4B32-2C05-4C15-45D6B8D66E7A}.Release|Any CPU.ActiveCfg = Release|Any CPU
		{6CCD9BBC-4B32-2C05-4C15-45D6B8D66E7A}.Release|Any CPU.Build.0 = Release|Any CPU
		{6375CB80-1DD5-1970-3F41-B4B5D6FE604B}.Debug|Any CPU.ActiveCfg = Debug|Any CPU
		{6375CB80-1DD5-1970-3F41-B4B5D6FE604B}.Debug|Any CPU.Build.0 = Debug|Any CPU
		{6375CB80-1DD5-1970-3F41-B4B5D6FE604B}.Release|Any CPU.ActiveCfg = Release|Any CPU
		{6375CB80-1DD5-1970-3F41-B4B5D6FE604B}.Release|Any CPU.Build.0 = Release|Any CPU
		{AE8636BD-02DA-35B9-4345-2D271C7FD748}.Debug|Any CPU.ActiveCfg = Debug|Any CPU
		{AE8636BD-02DA-35B9-4345-2D271C7FD748}.Debug|Any CPU.Build.0 = Debug|Any CPU
		{AE8636BD-02DA-35B9-4345-2D271C7FD748}.Release|Any CPU.ActiveCfg = Release|Any CPU
		{AE8636BD-02DA-35B9-4345-2D271C7FD748}.Release|Any CPU.Build.0 = Release|Any CPU
		{D81D0D94-6911-5DDF-9A0C-C78ED1C83DBD}.Debug|Any CPU.ActiveCfg = Debug|Any CPU
		{D81D0D94-6911-5DDF-9A0C-C78ED1C83DBD}.Debug|Any CPU.Build.0 = Debug|Any CPU
		{D81D0D94-6911-5DDF-9A0C-C78ED1C83DBD}.Release|Any CPU.ActiveCfg = Release|Any CPU
		{D81D0D94-6911-5DDF-9A0C-C78ED1C83DBD}.Release|Any CPU.Build.0 = Release|Any CPU
		{4197EE03-E339-A1CD-BC37-051542124C95}.Debug|Any CPU.ActiveCfg = Debug|Any CPU
		{4197EE03-E339-A1CD-BC37-051542124C95}.Debug|Any CPU.Build.0 = Debug|Any CPU
		{4197EE03-E339-A1CD-BC37-051542124C95}.Release|Any CPU.ActiveCfg = Release|Any CPU
		{4197EE03-E339-A1CD-BC37-051542124C95}.Release|Any CPU.Build.0 = Release|Any CPU
		{CE2BAB33-583D-A137-AA5B-199653E398C2}.Debug|Any CPU.ActiveCfg = Debug|Any CPU
		{CE2BAB33-583D-A137-AA5B-199653E398C2}.Debug|Any CPU.Build.0 = Debug|Any CPU
		{CE2BAB33-583D-A137-AA5B-199653E398C2}.Release|Any CPU.ActiveCfg = Release|Any CPU
		{CE2BAB33-583D-A137-AA5B-199653E398C2}.Release|Any CPU.Build.0 = Release|Any CPU
		{88F40759-D857-0BE7-5B58-CFBF34E5621E}.Debug|Any CPU.ActiveCfg = Debug|Any CPU
		{88F40759-D857-0BE7-5B58-CFBF34E5621E}.Debug|Any CPU.Build.0 = Debug|Any CPU
		{88F40759-D857-0BE7-5B58-CFBF34E5621E}.Release|Any CPU.ActiveCfg = Release|Any CPU
		{88F40759-D857-0BE7-5B58-CFBF34E5621E}.Release|Any CPU.Build.0 = Release|Any CPU
		{F46FD7DA-7190-D997-E911-DD3D1BD1621C}.Debug|Any CPU.ActiveCfg = Debug|Any CPU
		{F46FD7DA-7190-D997-E911-DD3D1BD1621C}.Debug|Any CPU.Build.0 = Debug|Any CPU
		{F46FD7DA-7190-D997-E911-DD3D1BD1621C}.Release|Any CPU.ActiveCfg = Release|Any CPU
		{F46FD7DA-7190-D997-E911-DD3D1BD1621C}.Release|Any CPU.Build.0 = Release|Any CPU
		{9F8BF1A5-1AFD-CB65-67C6-2815B7116BA0}.Debug|Any CPU.ActiveCfg = Debug|Any CPU
		{9F8BF1A5-1AFD-CB65-67C6-2815B7116BA0}.Debug|Any CPU.Build.0 = Debug|Any CPU
		{9F8BF1A5-1AFD-CB65-67C6-2815B7116BA0}.Release|Any CPU.ActiveCfg = Release|Any CPU
		{9F8BF1A5-1AFD-CB65-67C6-2815B7116BA0}.Release|Any CPU.Build.0 = Release|Any CPU
		{DE7E0DD9-32EF-672B-82D8-5E97809B40E9}.Debug|Any CPU.ActiveCfg = Debug|Any CPU
		{DE7E0DD9-32EF-672B-82D8-5E97809B40E9}.Debug|Any CPU.Build.0 = Debug|Any CPU
		{DE7E0DD9-32EF-672B-82D8-5E97809B40E9}.Release|Any CPU.ActiveCfg = Release|Any CPU
		{DE7E0DD9-32EF-672B-82D8-5E97809B40E9}.Release|Any CPU.Build.0 = Release|Any CPU
		{9B6BDE03-2CCB-F495-3622-A9FB90671049}.Debug|Any CPU.ActiveCfg = Debug|Any CPU
		{9B6BDE03-2CCB-F495-3622-A9FB90671049}.Debug|Any CPU.Build.0 = Debug|Any CPU
		{9B6BDE03-2CCB-F495-3622-A9FB90671049}.Release|Any CPU.ActiveCfg = Release|Any CPU
		{9B6BDE03-2CCB-F495-3622-A9FB90671049}.Release|Any CPU.Build.0 = Release|Any CPU
		{9AA3ABDC-9F0F-BE1A-C9C9-B5A2BC089243}.Debug|Any CPU.ActiveCfg = Debug|Any CPU
		{9AA3ABDC-9F0F-BE1A-C9C9-B5A2BC089243}.Debug|Any CPU.Build.0 = Debug|Any CPU
		{9AA3ABDC-9F0F-BE1A-C9C9-B5A2BC089243}.Release|Any CPU.ActiveCfg = Release|Any CPU
		{9AA3ABDC-9F0F-BE1A-C9C9-B5A2BC089243}.Release|Any CPU.Build.0 = Release|Any CPU
	EndGlobalSection
	GlobalSection(SolutionProperties) = preSolution
		HideSolutionNode = FALSE
	EndGlobalSection
EndGlobal
